Microsoft Visual Studio Solution File, Format Version 12.00
# Visual Studio Version 17
VisualStudioVersion = 17.5.2.0
MinimumVisualStudioVersion = 10.0.40219.1
Project("{FAE04EC0-301F-11D3-BF4B-00C04F79EFBC}") = "counter-input-provider", "counter-input-provider.csproj", "{EBB7022B-0380-722B-7BAC-DED7AFEA1C2A}"
EndProject
Global
	GlobalSection(SolutionConfigurationPlatforms) = preSolution
		Debug|Any CPU = Debug|Any CPU
		Release|Any CPU = Release|Any CPU
	EndGlobalSection
	GlobalSection(ProjectConfigurationPlatforms) = postSolution
		{EBB7022B-0380-722B-7BAC-DED7AFEA1C2A}.Debug|Any CPU.ActiveCfg = Debug|Any CPU
		{EBB7022B-0380-722B-7BAC-DED7AFEA1C2A}.Debug|Any CPU.Build.0 = Debug|Any CPU
		{EBB7022B-0380-722B-7BAC-DED7AFEA1C2A}.Release|Any CPU.ActiveCfg = Release|Any CPU
		{EBB7022B-0380-722B-7BAC-DED7AFEA1C2A}.Release|Any CPU.Build.0 = Release|Any CPU
	EndGlobalSection
	GlobalSection(SolutionProperties) = preSolution
		HideSolutionNode = FALSE
	EndGlobalSection
	GlobalSection(ExtensibilityGlobals) = postSolution
		SolutionGuid = {4119FE06-D2B3-48F3-9EE5-B7B1AE4009B7}
	EndGlobalSection
EndGlobal
